<?xml version="1.0" encoding="utf-8"?>
<Project ToolsVersion="4.0" xmlns="http://schemas.microsoft.com/developer/msbuild/2003">
  <ItemGroup>
    <Filter Include="Source Files">
      <UniqueIdentifier>{667a790f-db62-4bcd-ad46-3da90aec0659}</UniqueIdentifier>
      <Extensions>cpp;c;cxx;rc;def;r;odl;idl;hpj;bat</Extensions>
    </Filter>
    <Filter Include="Header Files">
      <UniqueIdentifier>{8a9932ef-c17b-4d90-b5c1-b5e3181dabcc}</UniqueIdentifier>
      <Extensions>h;hpp;hxx;hm;inl</Extensions>
    </Filter>
    <Filter Include="Resource Files">
      <UniqueIdentifier>{68f7b0a4-2ed7-4b21-bd5f-4b55276b3ec9}</UniqueIdentifier>
      <Extensions>ico;cur;bmp;dlg;rc2;rct;bin;rgs;gif;jpg;jpeg;jpe</Extensions>
    </Filter>
    <Filter Include="External Headers">
      <UniqueIdentifier>{bc727234-46e9-4db4-bb92-3d44c1bd2f46}</UniqueIdentifier>
    </Filter>
  </ItemGroup>
  <ItemGroup>
    <ClCompile Include="IdsSimpleLive.cpp">
      <Filter>Source Files</Filter>
    </ClCompile>
    <ClCompile Include="IdsSimpleLiveDlg.cpp">
      <Filter>Source Files</Filter>
    </ClCompile>
    <ClCompile Include="StdAfx.cpp">
      <Filter>Source Files</Filter>
    </ClCompile>
  </ItemGroup>
  <ItemGroup>
    <ClInclude Include="Resource.h">
      <Filter>Source Files</Filter>
    </ClInclude>
    <ClInclude Include="IdsSimpleLive.h">
      <Filter>Header Files</Filter>
    </ClInclude>
    <ClInclude Include="IdsSimpleLiveDlg.h">
      <Filter>Header Files</Filter>
    </ClInclude>
    <ClInclude Include="StdAfx.h">
      <Filter>Header Files</Filter>
    </ClInclude>
    <ClInclude Include="..\..\include\uEye.h">
      <Filter>External Headers</Filter>
    </ClInclude>
  </ItemGroup>
  <ItemGroup>
    <Image Include="res\IDS_LOGO_GREY_93_40.bmp">
      <Filter>Resource Files</Filter>
    </Image>
    <Image Include="res\IDS_UEYE_LOGO_WHITE_118_57.bmp">
      <Filter>Resource Files</Filter>
    </Image>
    <Image Include="res\IdsSimpleLive.ico">
      <Filter>Resource Files</Filter>
    </Image>
  </ItemGroup>
  <ItemGroup>
    <ResourceCompile Include="IdsSimpleLive.rc">
      <Filter>Resource Files</Filter>
    </ResourceCompile>
  </ItemGroup>
  <ItemGroup>
    <CustomBuild Include="res\IdsSimpleLive.manifest">
      <Filter>Resource Files</Filter>
    </CustomBuild>
    <CustomBuild Include="res\IdsSimpleLive.rc2">
      <Filter>Resource Files</Filter>
    </CustomBuild>
    <CustomBuild Include="res\IdsSimpleLive_64.manifest">
      <Filter>Resource Files</Filter>
    </CustomBuild>
  </ItemGroup>
</Project>