<?xml version="1.0" encoding="utf-8"?>
<Project ToolsVersion="4.0" xmlns="http://schemas.microsoft.com/developer/msbuild/2003">
  <ItemGroup>
    <Filter Include="Source Files">
      <UniqueIdentifier>{4970d825-0de8-4acf-ade2-870b18c000eb}</UniqueIdentifier>
      <Extensions>cpp;c;cxx;rc;def;r;odl;idl;hpj;bat</Extensions>
    </Filter>
    <Filter Include="Header Files">
      <UniqueIdentifier>{7d810327-b2fc-4546-9666-958fa37421f8}</UniqueIdentifier>
      <Extensions>h;hpp;hxx;hm;inl</Extensions>
    </Filter>
    <Filter Include="Resource Files">
      <UniqueIdentifier>{9f8e9caa-b9aa-4054-93a1-7615fa9f52c1}</UniqueIdentifier>
      <Extensions>ico;cur;bmp;dlg;rc2;rct;bin;rgs;gif;jpg;jpeg;jpe</Extensions>
    </Filter>
    <Filter Include="External Headers">
      <UniqueIdentifier>{b5678290-6785-4c6e-bede-7f05afa16fa6}</UniqueIdentifier>
    </Filter>
  </ItemGroup>
  <ItemGroup>
    <ClCompile Include="IdsSimpleLive.cpp">
      <Filter>Source Files</Filter>
    </ClCompile>
    <ClCompile Include="IdsSimpleLiveDlg.cpp">
      <Filter>Source Files</Filter>
    </ClCompile>
    <ClCompile Include="StdAfx.cpp">
      <Filter>Source Files</Filter>
    </ClCompile>
  </ItemGroup>
  <ItemGroup>
    <ClInclude Include="Resource.h">
      <Filter>Source Files</Filter>
    </ClInclude>
    <ClInclude Include="IdsSimpleLive.h">
      <Filter>Header Files</Filter>
    </ClInclude>
    <ClInclude Include="IdsSimpleLiveDlg.h">
      <Filter>Header Files</Filter>
    </ClInclude>
    <ClInclude Include="StdAfx.h">
      <Filter>Header Files</Filter>
    </ClInclude>
    <ClInclude Include="..\..\include\uEye.h">
      <Filter>External Headers</Filter>
    </ClInclude>
  </ItemGroup>
  <ItemGroup>
    <Image Include="res\IDS_LOGO_GREY_93_40.bmp">
      <Filter>Resource Files</Filter>
    </Image>
    <Image Include="res\IDS_UEYE_LOGO_WHITE_118_57.bmp">
      <Filter>Resource Files</Filter>
    </Image>
    <Image Include="res\IdsSimpleLive.ico">
      <Filter>Resource Files</Filter>
    </Image>
  </ItemGroup>
  <ItemGroup>
    <ResourceCompile Include="IdsSimpleLive.rc">
      <Filter>Resource Files</Filter>
    </ResourceCompile>
  </ItemGroup>
  <ItemGroup>
    <CustomBuild Include="res\IdsSimpleLive.manifest">
      <Filter>Resource Files</Filter>
    </CustomBuild>
    <CustomBuild Include="res\IdsSimpleLive.rc2">
      <Filter>Resource Files</Filter>
    </CustomBuild>
    <CustomBuild Include="res\IdsSimpleLive_64.manifest">
      <Filter>Resource Files</Filter>
    </CustomBuild>
  </ItemGroup>
</Project>